
Microsoft Visual Studio Solution File, Format Version 12.00
# Visual Studio Version 17
VisualStudioVersion = 17.10.35122.118
MinimumVisualStudioVersion = 10.0.40219.1
Project("{FAE04EC0-301F-11D3-BF4B-00C04F79EFBC}") = "back-end-app", "back-end-app\back-end-app.csproj", "{C774FE2B-6862-4FE4-B854-AA584F3BFB79}"
EndProject
Global
	GlobalSection(SolutionConfigurationPlatforms) = preSolution
		Debug|Any CPU = Debug|Any CPU
		Release|Any CPU = Release|Any CPU
	EndGlobalSection
	GlobalSection(ProjectConfigurationPlatforms) = postSolution
		{C774FE2B-6862-4FE4-B854-AA584F3BFB79}.Debug|Any CPU.ActiveCfg = Debug|Any CPU
		{C774FE2B-6862-4FE4-B854-AA584F3BFB79}.Debug|Any CPU.Build.0 = Debug|Any CPU
		{C774FE2B-6862-4FE4-B854-AA584F3BFB79}.Release|Any CPU.ActiveCfg = Release|Any CPU
		{C774FE2B-6862-4FE4-B854-AA584F3BFB79}.Release|Any CPU.Build.0 = Release|Any CPU
	EndGlobalSection
	GlobalSection(SolutionProperties) = preSolution
		HideSolutionNode = FALSE
	EndGlobalSection
	GlobalSection(ExtensibilityGlobals) = postSolution
		SolutionGuid = {1208365D-80E8-4010-9C81-49F873F66B7C}
	EndGlobalSection
EndGlobal
